
Microsoft Visual Studio Solution File, Format Version 12.00
# Visual Studio Version 16
VisualStudioVersion = 16.0.31829.152
MinimumVisualStudioVersion = 10.0.40219.1
Project("{FAE04EC0-301F-11D3-BF4B-00C04F79EFBC}") = "Facade", "Facade\Facade.csproj", "{D0598B6A-4976-4DBF-824F-0843156CA95C}"
EndProject
Global
	GlobalSection(SolutionConfigurationPlatforms) = preSolution
		Debug|Any CPU = Debug|Any CPU
		Release|Any CPU = Release|Any CPU
	EndGlobalSection
	GlobalSection(ProjectConfigurationPlatforms) = postSolution
		{D0598B6A-4976-4DBF-824F-0843156CA95C}.Debug|Any CPU.ActiveCfg = Debug|Any CPU
		{D0598B6A-4976-4DBF-824F-0843156CA95C}.Debug|Any CPU.Build.0 = Debug|Any CPU
		{D0598B6A-4976-4DBF-824F-0843156CA95C}.Release|Any CPU.ActiveCfg = Release|Any CPU
		{D0598B6A-4976-4DBF-824F-0843156CA95C}.Release|Any CPU.Build.0 = Release|Any CPU
	EndGlobalSection
	GlobalSection(SolutionProperties) = preSolution
		HideSolutionNode = FALSE
	EndGlobalSection
	GlobalSection(ExtensibilityGlobals) = postSolution
		SolutionGuid = {69104F9D-EE09-4AB7-BB07-A059C1EE0C1E}
	EndGlobalSection
EndGlobal
